// !$*UTF8*$!
{
	archiveVersion = 1;
	classes = {
	};
	objectVersion = 46;
	objects = {

/* Begin PBXBuildFile section */
		143882231B20045400CCDA76 /* main.m in Sources */ = {isa = PBXBuildFile; fileRef = 143882221B20045400CCDA76 /* main.m */; };
		143882261B20045400CCDA76 /* AppDelegate.m in Sources */ = {isa = PBXBuildFile; fileRef = 143882251B20045400CCDA76 /* AppDelegate.m */; };
		143882291B20045400CCDA76 /* ViewController.m in Sources */ = {isa = PBXBuildFile; fileRef = 143882281B20045400CCDA76 /* ViewController.m */; };
		1438822C1B20045400CCDA76 /* Main.storyboard in Resources */ = {isa = PBXBuildFile; fileRef = 1438822A1B20045400CCDA76 /* Main.storyboard */; };
		1438822E1B20045400CCDA76 /* Images.xcassets in Resources */ = {isa = PBXBuildFile; fileRef = 1438822D1B20045400CCDA76 /* Images.xcassets */; };
		143882311B20045400CCDA76 /* LaunchScreen.xib in Resources */ = {isa = PBXBuildFile; fileRef = 1438822F1B20045400CCDA76 /* LaunchScreen.xib */; };
		1438823D1B20045400CCDA76 /* TestPieProgressTests.m in Sources */ = {isa = PBXBuildFile; fileRef = 1438823C1B20045400CCDA76 /* TestPieProgressTests.m */; };
		143882481B2032DC00CCDA76 /* CycleView.m in Sources */ = {isa = PBXBuildFile; fileRef = 143882471B2032DC00CCDA76 /* CycleView.m */; };
/* End PBXBuildFile section */

/* Begin PBXContainerItemProxy section */
		143882371B20045400CCDA76 /* PBXContainerItemProxy */ = {
			isa = PBXContainerItemProxy;
			containerPortal = 143882151B20045400CCDA76 /* Project object */;
			proxyType = 1;
			remoteGlobalIDString = 1438821C1B20045400CCDA76;
			remoteInfo = TestPieProgress;
		};
/* End PBXContainerItemProxy section */

/* Begin PBXFileReference section */
		1438821D1B20045400CCDA76 /* TestPieProgress.app */ = {isa = PBXFileReference; explicitFileType = wrapper.application; includeInIndex = 0; path = TestPieProgress.app; sourceTree = BUILT_PRODUCTS_DIR; };
		143882211B20045400CCDA76 /* Info.plist */ = {isa = PBXFileReference; lastKnownFileType = text.plist.xml; path = Info.plist; sourceTree = "<group>"; };
		143882221B20045400CCDA76 /* main.m */ = {isa = PBXFileReference; lastKnownFileType = sourcecode.c.objc; path = main.m; sourceTree = "<group>"; };
		143882241B20045400CCDA76 /* AppDelegate.h */ = {isa = PBXFileReference; lastKnownFileType = sourcecode.c.h; path = AppDelegate.h; sourceTree = "<group>"; };
		143882251B20045400CCDA76 /* AppDelegate.m */ = {isa = PBXFileReference; lastKnownFileType = sourcecode.c.objc; path = AppDelegate.m; sourceTree = "<group>"; };
		143882271B20045400CCDA76 /* ViewController.h */ = {isa = PBXFileReference; lastKnownFileType = sourcecode.c.h; path = ViewController.h; sourceTree = "<group>"; };
		143882281B20045400CCDA76 /* ViewController.m */ = {isa = PBXFileReference; lastKnownFileType = sourcecode.c.objc; path = ViewController.m; sourceTree = "<group>"; };
		1438822B1B20045400CCDA76 /* Base */ = {isa = PBXFileReference; lastKnownFileType = file.storyboard; name = Base; path = Base.lproj/Main.storyboard; sourceTree = "<group>"; };
		1438822D1B20045400CCDA76 /* Images.xcassets */ = {isa = PBXFileReference; lastKnownFileType = folder.assetcatalog; path = Images.xcassets; sourceTree = "<group>"; };
		143882301B20045400CCDA76 /* Base */ = {isa = PBXFileReference; lastKnownFileType = file.xib; name = Base; path = Base.lproj/LaunchScreen.xib; sourceTree = "<group>"; };
		143882361B20045400CCDA76 /* TestPieProgressTests.xctest */ = {isa = PBXFileReference; explicitFileType = wrapper.cfbundle; includeInIndex = 0; path = TestPieProgressTests.xctest; sourceTree = BUILT_PRODUCTS_DIR; };
		1438823B1B20045400CCDA76 /* Info.plist */ = {isa = PBXFileReference; lastKnownFileType = text.plist.xml; path = Info.plist; sourceTree = "<group>"; };
		1438823C1B20045400CCDA76 /* TestPieProgressTests.m */ = {isa = PBXFileReference; lastKnownFileType = sourcecode.c.objc; path = TestPieProgressTests.m; sourceTree = "<group>"; };
		143882461B2032DC00CCDA76 /* CycleView.h */ = {isa = PBXFileReference; fileEncoding = 4; lastKnownFileType = sourcecode.c.h; path = CycleView.h; sourceTree = "<group>"; };
		143882471B2032DC00CCDA76 /* CycleView.m */ = {isa = PBXFileReference; fileEncoding = 4; lastKnownFileType = sourcecode.c.objc; path = CycleView.m; sourceTree = "<group>"; };
/* End PBXFileReference section */

/* Begin PBXFrameworksBuildPhase section */
		1438821A1B20045400CCDA76 /* Frameworks */ = {
			isa = PBXFrameworksBuildPhase;
			buildActionMask = 2147483647;
			files = (
			);
			runOnlyForDeploymentPostprocessing = 0;
		};
		143882331B20045400CCDA76 /* Frameworks */ = {
			isa = PBXFrameworksBuildPhase;
			buildActionMask = 2147483647;
			files = (
			);
			runOnlyForDeploymentPostprocessing = 0;
		};
/* End PBXFrameworksBuildPhase section */

/* Begin PBXGroup section */
		143882141B20045400CCDA76 = {
			isa = PBXGroup;
			children = (
				1438821F1B20045400CCDA76 /* TestPieProgress */,
				143882391B20045400CCDA76 /* TestPieProgressTests */,
				1438821E1B20045400CCDA76 /* Products */,
			);
			sourceTree = "<group>";
		};
		1438821E1B20045400CCDA76 /* Products */ = {
			isa = PBXGroup;
			children = (
				1438821D1B20045400CCDA76 /* TestPieProgress.app */,
				143882361B20045400CCDA76 /* TestPieProgressTests.xctest */,
			);
			name = Products;
			sourceTree = "<group>";
		};
		1438821F1B20045400CCDA76 /* TestPieProgress */ = {
			isa = PBXGroup;
			children = (
				143882241B20045400CCDA76 /* AppDelegate.h */,
				143882251B20045400CCDA76 /* AppDelegate.m */,
				143882271B20045400CCDA76 /* ViewController.h */,
				143882281B20045400CCDA76 /* ViewController.m */,
				1438822A1B20045400CCDA76 /* Main.storyboard */,
				143882461B2032DC00CCDA76 /* CycleView.h */,
				143882471B2032DC00CCDA76 /* CycleView.m */,
				1438822D1B20045400CCDA76 /* Images.xcassets */,
				1438822F1B20045400CCDA76 /* LaunchScreen.xib */,
				143882201B20045400CCDA76 /* Supporting Files */,
			);
			path = TestPieProgress;
			sourceTree = "<group>";
		};
		143882201B20045400CCDA76 /* Supporting Files */ = {
			isa = PBXGroup;
			children = (
				143882211B20045400CCDA76 /* Info.plist */,
				143882221B20045400CCDA76 /* main.m */,
			);
			name = "Supporting Files";
			sourceTree = "<group>";
		};
		143882391B20045400CCDA76 /* TestPieProgressTests */ = {
			isa = PBXGroup;
			children = (
				1438823C1B20045400CCDA76 /* TestPieProgressTests.m */,
				1438823A1B20045400CCDA76 /* Supporting Files */,
			);
			path = TestPieProgressTests;
			sourceTree = "<group>";
		};
		1438823A1B20045400CCDA76 /* Supporting Files */ = {
			isa = PBXGroup;
			children = (
				1438823B1B20045400CCDA76 /* Info.plist */,
			);
			name = "Supporting Files";
			sourceTree = "<group>";
		};
/* End PBXGroup section */

/* Begin PBXNativeTarget section */
		1438821C1B20045400CCDA76 /* TestPieProgress */ = {
			isa = PBXNativeTarget;
			buildConfigurationList = 143882401B20045400CCDA76 /* Build configuration list for PBXNativeTarget "TestPieProgress" */;
			buildPhases = (
				143882191B20045400CCDA76 /* Sources */,
				1438821A1B20045400CCDA76 /* Frameworks */,
				1438821B1B20045400CCDA76 /* Resources */,
			);
			buildRules = (
			);
			dependencies = (
			);
			name = TestPieProgress;
			productName = TestPieProgress;
			productReference = 1438821D1B20045400CCDA76 /* TestPieProgress.app */;
			productType = "com.apple.product-type.application";
		};
		143882351B20045400CCDA76 /* TestPieProgressTests */ = {
			isa = PBXNativeTarget;
			buildConfigurationList = 143882431B20045400CCDA76 /* Build configuration list for PBXNativeTarget "TestPieProgressTests" */;
			buildPhases = (
				143882321B20045400CCDA76 /* Sources */,
				143882331B20045400CCDA76 /* Frameworks */,
				143882341B20045400CCDA76 /* Resources */,
			);
			buildRules = (
			);
			dependencies = (
				143882381B20045400CCDA76 /* PBXTargetDependency */,
			);
			name = TestPieProgressTests;
			productName = TestPieProgressTests;
			productReference = 143882361B20045400CCDA76 /* TestPieProgressTests.xctest */;
			productType = "com.apple.product-type.bundle.unit-test";
		};
/* End PBXNativeTarget section */

/* Begin PBXProject section */
		143882151B20045400CCDA76 /* Project object */ = {
			isa = PBXProject;
			attributes = {
				LastUpgradeCheck = 0630;
				ORGANIZATIONNAME = iceboxi;
				TargetAttributes = {
					1438821C1B20045400CCDA76 = {
						CreatedOnToolsVersion = 6.3.2;
					};
					143882351B20045400CCDA76 = {
						CreatedOnToolsVersion = 6.3.2;
						TestTargetID = 1438821C1B20045400CCDA76;
					};
				};
			};
			buildConfigurationList = 143882181B20045400CCDA76 /* Build configuration list for PBXProject "TestPieProgress" */;
			compatibilityVersion = "Xcode 3.2";
			developmentRegion = English;
			hasScannedForEncodings = 0;
			knownRegions = (
				en,
				Base,
			);
			mainGroup = 143882141B20045400CCDA76;
			productRefGroup = 1438821E1B20045400CCDA76 /* Products */;
			projectDirPath = "";
			projectRoot = "";
			targets = (
				1438821C1B20045400CCDA76 /* TestPieProgress */,
				143882351B20045400CCDA76 /* TestPieProgressTests */,
			);
		};
/* End PBXProject section */

/* Begin PBXResourcesBuildPhase section */
		1438821B1B20045400CCDA76 /* Resources */ = {
			isa = PBXResourcesBuildPhase;
			buildActionMask = 2147483647;
			files = (
				1438822C1B20045400CCDA76 /* Main.storyboard in Resources */,
				143882311B20045400CCDA76 /* LaunchScreen.xib in Resources */,
				1438822E1B20045400CCDA76 /* Images.xcassets in Resources */,
			);
			runOnlyForDeploymentPostprocessing = 0;
		};
		143882341B20045400CCDA76 /* Resources */ = {
			isa = PBXResourcesBuildPhase;
			buildActionMask = 2147483647;
			files = (
			);
			runOnlyForDeploymentPostprocessing = 0;
		};
/* End PBXResourcesBuildPhase section */

/* Begin PBXSourcesBuildPhase section */
		143882191B20045400CCDA76 /* Sources */ = {
			isa = PBXSourcesBuildPhase;
			buildActionMask = 2147483647;
			files = (
				143882291B20045400CCDA76 /* ViewController.m in Sources */,
				143882481B2032DC00CCDA76 /* CycleView.m in Sources */,
				143882261B20045400CCDA76 /* AppDelegate.m in Sources */,
				143882231B20045400CCDA76 /* main.m in Sources */,
			);
			runOnlyForDeploymentPostprocessing = 0;
		};
		143882321B20045400CCDA76 /* Sources */ = {
			isa = PBXSourcesBuildPhase;
			buildActionMask = 2147483647;
			files = (
				1438823D1B20045400CCDA76 /* TestPieProgressTests.m in Sources */,
			);
			runOnlyForDeploymentPostprocessing = 0;
		};
/* End PBXSourcesBuildPhase section */

/* Begin PBXTargetDependency section */
		143882381B20045400CCDA76 /* PBXTargetDependency */ = {
			isa = PBXTargetDependency;
			target = 1438821C1B20045400CCDA76 /* TestPieProgress */;
			targetProxy = 143882371B20045400CCDA76 /* PBXContainerItemProxy */;
		};
/* End PBXTargetDependency section */

/* Begin PBXVariantGroup section */
		1438822A1B20045400CCDA76 /* Main.storyboard */ = {
			isa = PBXVariantGroup;
			children = (
				1438822B1B20045400CCDA76 /* Base */,
			);
			name = Main.storyboard;
			sourceTree = "<group>";
		};
		1438822F1B20045400CCDA76 /* LaunchScreen.xib */ = {
			isa = PBXVariantGroup;
			children = (
				143882301B20045400CCDA76 /* Base */,
			);
			name = LaunchScreen.xib;
			sourceTree = "<group>";
		};
/* End PBXVariantGroup section */

/* Begin XCBuildConfiguration section */
		1438823E1B20045400CCDA76 /* Debug */ = {
			isa = XCBuildConfiguration;
			buildSettings = {
				ALWAYS_SEARCH_USER_PATHS = NO;
				CLANG_CXX_LANGUAGE_STANDARD = "gnu++0x";
				CLANG_CXX_LIBRARY = "libc++";
				CLANG_ENABLE_MODULES = YES;
				CLANG_ENABLE_OBJC_ARC = YES;
				CLANG_WARN_BOOL_CONVERSION = YES;
				CLANG_WARN_CONSTANT_CONVERSION = YES;
				CLANG_WARN_DIRECT_OBJC_ISA_USAGE = YES_ERROR;
				CLANG_WARN_EMPTY_BODY = YES;
				CLANG_WARN_ENUM_CONVERSION = YES;
				CLANG_WARN_INT_CONVERSION = YES;
				CLANG_WARN_OBJC_ROOT_CLASS = YES_ERROR;
				CLANG_WARN_UNREACHABLE_CODE = YES;
				CLANG_WARN__DUPLICATE_METHOD_MATCH = YES;
				"CODE_SIGN_IDENTITY[sdk=iphoneos*]" = "iPhone Developer";
				COPY_PHASE_STRIP = NO;
				DEBUG_INFORMATION_FORMAT = "dwarf-with-dsym";
				ENABLE_STRICT_OBJC_MSGSEND = YES;
				GCC_C_LANGUAGE_STANDARD = gnu99;
				GCC_DYNAMIC_NO_PIC = NO;
				GCC_NO_COMMON_BLOCKS = YES;
				GCC_OPTIMIZATION_LEVEL = 0;
				GCC_PREPROCESSOR_DEFINITIONS = (
					"DEBUG=1",
					"$(inherited)",
				);
				GCC_SYMBOLS_PRIVATE_EXTERN = NO;
				GCC_WARN_64_TO_32_BIT_CONVERSION = YES;
				GCC_WARN_ABOUT_RETURN_TYPE = YES_ERROR;
				GCC_WARN_UNDECLARED_SELECTOR = YES;
				GCC_WARN_UNINITIALIZED_AUTOS = YES_AGGRESSIVE;
				GCC_WARN_UNUSED_FUNCTION = YES;
				GCC_WARN_UNUSED_VARIABLE = YES;
				IPHONEOS_DEPLOYMENT_TARGET = 8.3;
				MTL_ENABLE_DEBUG_INFO = YES;
				ONLY_ACTIVE_ARCH = YES;
				SDKROOT = iphoneos;
				TARGETED_DEVICE_FAMILY = "1,2";
			};
			name = Debug;
		};
		1438823F1B20045400CCDA76 /* Release */ = {
			isa = XCBuildConfiguration;
			buildSettings = {
				ALWAYS_SEARCH_USER_PATHS = NO;
				CLANG_CXX_LANGUAGE_STANDARD = "gnu++0x";
				CLANG_CXX_LIBRARY = "libc++";
				CLANG_ENABLE_MODULES = YES;
				CLANG_ENABLE_OBJC_ARC = YES;
				CLANG_WARN_BOOL_CONVERSION = YES;
				CLANG_WARN_CONSTANT_CONVERSION = YES;
				CLANG_WARN_DIRECT_OBJC_ISA_USAGE = YES_ERROR;
				CLANG_WARN_EMPTY_BODY = YES;
				CLANG_WARN_ENUM_CONVERSION = YES;
				CLANG_WARN_INT_CONVERSION = YES;
				CLANG_WARN_OBJC_ROOT_CLASS = YES_ERROR;
				CLANG_WARN_UNREACHABLE_CODE = YES;
				CLANG_WARN__DUPLICATE_METHOD_MATCH = YES;
				"CODE_SIGN_IDENTITY[sdk=iphoneos*]" = "iPhone Developer";
				COPY_PHASE_STRIP = NO;
				DEBUG_INFORMATION_FORMAT = "dwarf-with-dsym";
				ENABLE_NS_ASSERTIONS = NO;
				ENABLE_STRICT_OBJC_MSGSEND = YES;
				GCC_C_LANGUAGE_STANDARD = gnu99;
				GCC_NO_COMMON_BLOCKS = YES;
				GCC_WARN_64_TO_32_BIT_CONVERSION = YES;
				GCC_WARN_ABOUT_RETURN_TYPE = YES_ERROR;
				GCC_WARN_UNDECLARED_SELECTOR = YES;
				GCC_WARN_UNINITIALIZED_AUTOS = YES_AGGRESSIVE;
				GCC_WARN_UNUSED_FUNCTION = YES;
				GCC_WARN_UNUSED_VARIABLE = YES;
				IPHONEOS_DEPLOYMENT_TARGET = 8.3;
				MTL_ENABLE_DEBUG_INFO = NO;
				SDKROOT = iphoneos;
				TARGETED_DEVICE_FAMILY = "1,2";
				VALIDATE_PRODUCT = YES;
			};
			name = Release;
		};
		143882411B20045400CCDA76 /* Debug */ = {
			isa = XCBuildConfiguration;
			buildSettings = {
				ASSETCATALOG_COMPILER_APPICON_NAME = AppIcon;
				INFOPLIST_FILE = TestPieProgress/Info.plist;
				LD_RUNPATH_SEARCH_PATHS = "$(inherited) @executable_path/Frameworks";
				PRODUCT_NAME = "$(TARGET_NAME)";
			};
			name = Debug;
		};
		143882421B20045400CCDA76 /* Release */ = {
			isa = XCBuildConfiguration;
			buildSettings = {
				ASSETCATALOG_COMPILER_APPICON_NAME = AppIcon;
				INFOPLIST_FILE = TestPieProgress/Info.plist;
				LD_RUNPATH_SEARCH_PATHS = "$(inherited) @executable_path/Frameworks";
				PRODUCT_NAME = "$(TARGET_NAME)";
			};
			name = Release;
		};
		143882441B20045400CCDA76 /* Debug */ = {
			isa = XCBuildConfiguration;
			buildSettings = {
				BUNDLE_LOADER = "$(TEST_HOST)";
				FRAMEWORK_SEARCH_PATHS = (
					"$(SDKROOT)/Developer/Library/Frameworks",
					"$(inherited)",
				);
				GCC_PREPROCESSOR_DEFINITIONS = (
					"DEBUG=1",
					"$(inherited)",
				);
				INFOPLIST_FILE = TestPieProgressTests/Info.plist;
				LD_RUNPATH_SEARCH_PATHS = "$(inherited) @executable_path/Frameworks @loader_path/Frameworks";
				PRODUCT_NAME = "$(TARGET_NAME)";
				TEST_HOST = "$(BUILT_PRODUCTS_DIR)/TestPieProgress.app/TestPieProgress";
			};
			name = Debug;
		};
		143882451B20045400CCDA76 /* Release */ = {
			isa = XCBuildConfiguration;
			buildSettings = {
				BUNDLE_LOADER = "$(TEST_HOST)";
				FRAMEWORK_SEARCH_PATHS = (
					"$(SDKROOT)/Developer/Library/Frameworks",
					"$(inherited)",
				);
				INFOPLIST_FILE = TestPieProgressTests/Info.plist;
				LD_RUNPATH_SEARCH_PATHS = "$(inherited) @executable_path/Frameworks @loader_path/Frameworks";
				PRODUCT_NAME = "$(TARGET_NAME)";
				TEST_HOST = "$(BUILT_PRODUCTS_DIR)/TestPieProgress.app/TestPieProgress";
			};
			name = Release;
		};
/* End XCBuildConfiguration section */

/* Begin XCConfigurationList section */
		143882181B20045400CCDA76 /* Build configuration list for PBXProject "TestPieProgress" */ = {
			isa = XCConfigurationList;
			buildConfigurations = (
				1438823E1B20045400CCDA76 /* Debug */,
				1438823F1B20045400CCDA76 /* Release */,
			);
			defaultConfigurationIsVisible = 0;
			defaultConfigurationName = Release;
		};
		143882401B20045400CCDA76 /* Build configuration list for PBXNativeTarget "TestPieProgress" */ = {
			isa = XCConfigurationList;
			buildConfigurations = (
				143882411B20045400CCDA76 /* Debug */,
				143882421B20045400CCDA76 /* Release */,
			);
			defaultConfigurationIsVisible = 0;
		};
		143882431B20045400CCDA76 /* Build configuration list for PBXNativeTarget "TestPieProgressTests" */ = {
			isa = XCConfigurationList;
			buildConfigurations = (
				143882441B20045400CCDA76 /* Debug */,
				143882451B20045400CCDA76 /* Release */,
			);
			defaultConfigurationIsVisible = 0;
		};
/* End XCConfigurationList section */
	};
	rootObject = 143882151B20045400CCDA76 /* Project object */;
}
